
Microsoft Visual Studio Solution File, Format Version 12.00
# Visual Studio Version 17
VisualStudioVersion = 17.5.33627.172
MinimumVisualStudioVersion = 10.0.40219.1
Project("{FAE04EC0-301F-11D3-BF4B-00C04F79EFBC}") = "RandomSquares", "RandomSquares.csproj", "{2DFE04D6-6387-4BE6-A542-494760A4323B}"
EndProject
Global
	GlobalSection(SolutionConfigurationPlatforms) = preSolution
		Debug|Any CPU = Debug|Any CPU
		Release|Any CPU = Release|Any CPU
	EndGlobalSection
	GlobalSection(ProjectConfigurationPlatforms) = postSolution
		{2DFE04D6-6387-4BE6-A542-494760A4323B}.Debug|Any CPU.ActiveCfg = Debug|Any CPU
		{2DFE04D6-6387-4BE6-A542-494760A4323B}.Debug|Any CPU.Build.0 = Debug|Any CPU
		{2DFE04D6-6387-4BE6-A542-494760A4323B}.Release|Any CPU.ActiveCfg = Release|Any CPU
		{2DFE04D6-6387-4BE6-A542-494760A4323B}.Release|Any CPU.Build.0 = Release|Any CPU
	EndGlobalSection
	GlobalSection(SolutionProperties) = preSolution
		HideSolutionNode = FALSE
	EndGlobalSection
	GlobalSection(ExtensibilityGlobals) = postSolution
		SolutionGuid = {4E590765-4043-49F3-A17B-4745D3808455}
	EndGlobalSection
EndGlobal
